
Microsoft Visual Studio Solution File, Format Version 12.00
# Visual Studio 15
VisualStudioVersion = 15.0.27130.2024
MinimumVisualStudioVersion = 10.0.40219.1
Project("{8BC9CEB8-8B4A-11D0-8D11-00A0C91BC942}") = "1410 NBA Playoffs Project", "1410 NBA Playoffs Project.vcxproj", "{0942EF39-243A-4798-857A-27091E976026}"
EndProject
Global
	GlobalSection(SolutionConfigurationPlatforms) = preSolution
		Debug|x64 = Debug|x64
		Debug|x86 = Debug|x86
		Release|x64 = Release|x64
		Release|x86 = Release|x86
	EndGlobalSection
	GlobalSection(ProjectConfigurationPlatforms) = postSolution
		{0942EF39-243A-4798-857A-27091E976026}.Debug|x64.ActiveCfg = Debug|x64
		{0942EF39-243A-4798-857A-27091E976026}.Debug|x64.Build.0 = Debug|x64
		{0942EF39-243A-4798-857A-27091E976026}.Debug|x86.ActiveCfg = Debug|Win32
		{0942EF39-243A-4798-857A-27091E976026}.Debug|x86.Build.0 = Debug|Win32
		{0942EF39-243A-4798-857A-27091E976026}.Release|x64.ActiveCfg = Release|x64
		{0942EF39-243A-4798-857A-27091E976026}.Release|x64.Build.0 = Release|x64
		{0942EF39-243A-4798-857A-27091E976026}.Release|x86.ActiveCfg = Release|Win32
		{0942EF39-243A-4798-857A-27091E976026}.Release|x86.Build.0 = Release|Win32
	EndGlobalSection
	GlobalSection(SolutionProperties) = preSolution
		HideSolutionNode = FALSE
	EndGlobalSection
	GlobalSection(ExtensibilityGlobals) = postSolution
		SolutionGuid = {D5B523E5-5069-4E46-B6F2-8EB0CCC803C9}
	EndGlobalSection
EndGlobal
